{
  "name": "question-helpdesk-gmt-files",
  "version": "1.0.0",
  "lockfileVersion": 2,
  "requires": true,
  "packages": {
    "": {
      "name": "question-helpdesk-gmt-files",
      "version": "1.0.0",
      "license": "ISC",
      "dependencies": {
        "bbop-graph": "github:manulera/bbop-graph",
        "obographviz": "^0.4.2"
      }
    },
    "node_modules/bbop-core": {
      "version": "0.0.5",
      "resolved": "https://registry.npmjs.org/bbop-core/-/bbop-core-0.0.5.tgz",
      "integrity": "sha512-pXL+19Cz7W+pOGUnOlG4iGnWButiRgjXw3aWC5jupC8l1LpxrXf8v6Hb0CzdQFh2+miaucuHHUm2IZ6qW9d0zg==",
      "dependencies": {
        "underscore": "1.8.3"
      },
      "engines": {
        "node": ">= 0.12.2",
        "npm": ">= 2.7.4"
      }
    },
    "node_modules/bbop-graph": {
      "version": "0.0.19",
      "resolved": "git+ssh://git@github.com/manulera/bbop-graph.git#079aa824970320768465d26c28e0993cccd314f9",
      "license": "BSD-3-Clause",
      "dependencies": {
        "bbop-core": "0.0.5",
        "underscore": "1.8.3"
      },
      "engines": {
        "node": ">= 0.12.2",
        "npm": ">= 2.7.4"
      }
    },
    "node_modules/commander": {
      "version": "9.5.0",
      "resolved": "https://registry.npmjs.org/commander/-/commander-9.5.0.tgz",
      "integrity": "sha512-KRs7WVDKg86PWiuAqhDrAQnTXZKraVcCc6vFdL14qrZ/DcWwuRo7VoiYXalXO7S5GKpqYiVEwCbgFDfxNHKJBQ==",
      "engines": {
        "node": "^12.20.0 || >=14"
      }
    },
    "node_modules/graphlib": {
      "version": "2.1.8",
      "resolved": "https://registry.npmjs.org/graphlib/-/graphlib-2.1.8.tgz",
      "integrity": "sha512-jcLLfkpoVGmH7/InMC/1hIvOPSUh38oJtGhvrOFGzioE1DZ+0YW16RgmOJhHiuWTvGiJQ9Z1Ik43JvkRPRvE+A==",
      "dependencies": {
        "lodash": "^4.17.15"
      }
    },
    "node_modules/graphlib-dot": {
      "version": "0.6.4",
      "resolved": "https://registry.npmjs.org/graphlib-dot/-/graphlib-dot-0.6.4.tgz",
      "integrity": "sha512-rdhDTu0mBlloTpFMfkQq+e3y4yL22OqP5MhQbkw6QUURqa+4YLgv3XZy2fA64wdEcJNZ+waI76URemVgdFtzng==",
      "dependencies": {
        "graphlib": "^2.1.8",
        "lodash": "^4.17.15"
      }
    },
    "node_modules/lodash": {
      "version": "4.17.21",
      "resolved": "https://registry.npmjs.org/lodash/-/lodash-4.17.21.tgz",
      "integrity": "sha512-v2kDEe57lecTulaDIuNTPy3Ry4gLGJ6Z1O3vE1krgXZNrsQ+LFTGHVxVjcXPs17LhbZVGedAJv8XZ1tvj5FvSg=="
    },
    "node_modules/obographviz": {
      "version": "0.4.2",
      "resolved": "https://registry.npmjs.org/obographviz/-/obographviz-0.4.2.tgz",
      "integrity": "sha512-Ov+vaMKTudPZEPHkjZM2yHtGsLkyuG40j3BXnpp2Wr7bJT8iQ/2NHWONY8FA6/ZX5FvI9aG2VVZbtK73klaHOw==",
      "dependencies": {
        "bbop-graph": "^0.0.19",
        "commander": "^9.2.0",
        "graphlib": "^2.1.8",
        "graphlib-dot": "^0.6.4"
      },
      "bin": {
        "og2dot": "bin/og2dot.js"
      },
      "engines": {
        "node": ">=12"
      }
    },
    "node_modules/underscore": {
      "version": "1.8.3",
      "resolved": "https://registry.npmjs.org/underscore/-/underscore-1.8.3.tgz",
      "integrity": "sha512-5WsVTFcH1ut/kkhAaHf4PVgI8c7++GiVcpCGxPouI6ZVjsqPnSDf8h/8HtVqc0t4fzRXwnMK70EcZeAs3PIddg=="
    }
  },
  "dependencies": {
    "bbop-core": {
      "version": "0.0.5",
      "resolved": "https://registry.npmjs.org/bbop-core/-/bbop-core-0.0.5.tgz",
      "integrity": "sha512-pXL+19Cz7W+pOGUnOlG4iGnWButiRgjXw3aWC5jupC8l1LpxrXf8v6Hb0CzdQFh2+miaucuHHUm2IZ6qW9d0zg==",
      "requires": {
        "underscore": "1.8.3"
      }
    },
    "bbop-graph": {
      "version": "git+ssh://git@github.com/manulera/bbop-graph.git#079aa824970320768465d26c28e0993cccd314f9",
      "from": "bbop-graph@github:manulera/bbop-graph",
      "requires": {
        "bbop-core": "0.0.5",
        "underscore": "1.8.3"
      }
    },
    "commander": {
      "version": "9.5.0",
      "resolved": "https://registry.npmjs.org/commander/-/commander-9.5.0.tgz",
      "integrity": "sha512-KRs7WVDKg86PWiuAqhDrAQnTXZKraVcCc6vFdL14qrZ/DcWwuRo7VoiYXalXO7S5GKpqYiVEwCbgFDfxNHKJBQ=="
    },
    "graphlib": {
      "version": "2.1.8",
      "resolved": "https://registry.npmjs.org/graphlib/-/graphlib-2.1.8.tgz",
      "integrity": "sha512-jcLLfkpoVGmH7/InMC/1hIvOPSUh38oJtGhvrOFGzioE1DZ+0YW16RgmOJhHiuWTvGiJQ9Z1Ik43JvkRPRvE+A==",
      "requires": {
        "lodash": "^4.17.15"
      }
    },
    "graphlib-dot": {
      "version": "0.6.4",
      "resolved": "https://registry.npmjs.org/graphlib-dot/-/graphlib-dot-0.6.4.tgz",
      "integrity": "sha512-rdhDTu0mBlloTpFMfkQq+e3y4yL22OqP5MhQbkw6QUURqa+4YLgv3XZy2fA64wdEcJNZ+waI76URemVgdFtzng==",
      "requires": {
        "graphlib": "^2.1.8",
        "lodash": "^4.17.15"
      }
    },
    "lodash": {
      "version": "4.17.21",
      "resolved": "https://registry.npmjs.org/lodash/-/lodash-4.17.21.tgz",
      "integrity": "sha512-v2kDEe57lecTulaDIuNTPy3Ry4gLGJ6Z1O3vE1krgXZNrsQ+LFTGHVxVjcXPs17LhbZVGedAJv8XZ1tvj5FvSg=="
    },
    "obographviz": {
      "version": "0.4.2",
      "resolved": "https://registry.npmjs.org/obographviz/-/obographviz-0.4.2.tgz",
      "integrity": "sha512-Ov+vaMKTudPZEPHkjZM2yHtGsLkyuG40j3BXnpp2Wr7bJT8iQ/2NHWONY8FA6/ZX5FvI9aG2VVZbtK73klaHOw==",
      "requires": {
        "bbop-graph": "^0.0.19",
        "commander": "^9.2.0",
        "graphlib": "^2.1.8",
        "graphlib-dot": "^0.6.4"
      }
    },
    "underscore": {
      "version": "1.8.3",
      "resolved": "https://registry.npmjs.org/underscore/-/underscore-1.8.3.tgz",
      "integrity": "sha512-5WsVTFcH1ut/kkhAaHf4PVgI8c7++GiVcpCGxPouI6ZVjsqPnSDf8h/8HtVqc0t4fzRXwnMK70EcZeAs3PIddg=="
    }
  }
}
